
Microsoft Visual Studio Solution File, Format Version 12.00
# Visual Studio Version 16
VisualStudioVersion = 16.0.34031.81
MinimumVisualStudioVersion = 10.0.40219.1
Project("{FAE04EC0-301F-11D3-BF4B-00C04F79EFBC}") = "PowerPoint", "PowerPoint.csproj", "{36A75108-4F92-4F66-ABDC-7E8F8F35AEF4}"
EndProject
Project("{FAE04EC0-301F-11D3-BF4B-00C04F79EFBC}") = "PowerPointTests", "..\PowerPointTests\PowerPointTests.csproj", "{13FFF458-D1DA-4AFA-96CD-C0EE2AC30044}"
EndProject
Global
	GlobalSection(SolutionConfigurationPlatforms) = preSolution
		Debug|Any CPU = Debug|Any CPU
		Release|Any CPU = Release|Any CPU
	EndGlobalSection
	GlobalSection(ProjectConfigurationPlatforms) = postSolution
		{36A75108-4F92-4F66-ABDC-7E8F8F35AEF4}.Debug|Any CPU.ActiveCfg = Debug|Any CPU
		{36A75108-4F92-4F66-ABDC-7E8F8F35AEF4}.Debug|Any CPU.Build.0 = Debug|Any CPU
		{36A75108-4F92-4F66-ABDC-7E8F8F35AEF4}.Release|Any CPU.ActiveCfg = Release|Any CPU
		{36A75108-4F92-4F66-ABDC-7E8F8F35AEF4}.Release|Any CPU.Build.0 = Release|Any CPU
		{13FFF458-D1DA-4AFA-96CD-C0EE2AC30044}.Debug|Any CPU.ActiveCfg = Debug|Any CPU
		{13FFF458-D1DA-4AFA-96CD-C0EE2AC30044}.Debug|Any CPU.Build.0 = Debug|Any CPU
		{13FFF458-D1DA-4AFA-96CD-C0EE2AC30044}.Release|Any CPU.ActiveCfg = Release|Any CPU
		{13FFF458-D1DA-4AFA-96CD-C0EE2AC30044}.Release|Any CPU.Build.0 = Release|Any CPU
	EndGlobalSection
	GlobalSection(SolutionProperties) = preSolution
		HideSolutionNode = FALSE
	EndGlobalSection
	GlobalSection(ExtensibilityGlobals) = postSolution
		SolutionGuid = {2C075AC0-10FC-4462-B88C-1D806B953448}
	EndGlobalSection
EndGlobal
